
Microsoft Visual Studio Solution File, Format Version 12.00
Project("{FAE04EC0-301F-11D3-BF4B-00C04F79EFBC}") = "WebApi", "..\BlogSite.WebApi\WebApi\WebApi.csproj", "{404C5EE4-62EC-48E0-8842-736F41654516}"
EndProject
Project("{2150E333-8FDC-42A3-9474-1A3956D46DE8}") = "BlogSite.WebApi", "BlogSite.WebApi", "{2CB19BE2-5246-40C9-A899-2E1B6C51DDA1}"
EndProject
Project("{FAE04EC0-301F-11D3-BF4B-00C04F79EFBC}") = "BlogSite.Mvc", "..\BlogSite.Mvc\BlogSite.Mvc\BlogSite.Mvc.csproj", "{B64B4CC0-5EA1-4B8B-8BAF-0609A1875238}"
EndProject
Project("{2150E333-8FDC-42A3-9474-1A3956D46DE8}") = "BlogSite.Mvc", "BlogSite.Mvc", "{A20DC6FA-5F26-4A79-9BEE-A1BBB92AD539}"
EndProject
Project("{FAE04EC0-301F-11D3-BF4B-00C04F79EFBC}") = "Repositories", "..\BlogSite.WebApi\Repositories\Repositories.csproj", "{30D4283F-6B79-41C9-AB2C-74BBE995C2EA}"
EndProject
Project("{FAE04EC0-301F-11D3-BF4B-00C04F79EFBC}") = "Presentation", "..\BlogSite.WebApi\Presentation\Presentation.csproj", "{5055FBA4-92BC-4588-8A47-BC6BBF5613EC}"
EndProject
Project("{FAE04EC0-301F-11D3-BF4B-00C04F79EFBC}") = "Services", "..\BlogSite.WebApi\Services\Services.csproj", "{3D202FD9-86A9-48A6-AB3B-34734A1852B0}"
EndProject
Project("{FAE04EC0-301F-11D3-BF4B-00C04F79EFBC}") = "Entities", "..\BlogSite.WebApi\Entities\Entities.csproj", "{CE117D5E-A47E-40BA-BB0D-91F2783CDE2E}"
EndProject
Global
	GlobalSection(SolutionConfigurationPlatforms) = preSolution
		Debug|Any CPU = Debug|Any CPU
		Release|Any CPU = Release|Any CPU
	EndGlobalSection
	GlobalSection(ProjectConfigurationPlatforms) = postSolution
		{404C5EE4-62EC-48E0-8842-736F41654516}.Debug|Any CPU.ActiveCfg = Debug|Any CPU
		{404C5EE4-62EC-48E0-8842-736F41654516}.Debug|Any CPU.Build.0 = Debug|Any CPU
		{404C5EE4-62EC-48E0-8842-736F41654516}.Release|Any CPU.ActiveCfg = Release|Any CPU
		{404C5EE4-62EC-48E0-8842-736F41654516}.Release|Any CPU.Build.0 = Release|Any CPU
		{B64B4CC0-5EA1-4B8B-8BAF-0609A1875238}.Debug|Any CPU.ActiveCfg = Debug|Any CPU
		{B64B4CC0-5EA1-4B8B-8BAF-0609A1875238}.Debug|Any CPU.Build.0 = Debug|Any CPU
		{B64B4CC0-5EA1-4B8B-8BAF-0609A1875238}.Release|Any CPU.ActiveCfg = Release|Any CPU
		{B64B4CC0-5EA1-4B8B-8BAF-0609A1875238}.Release|Any CPU.Build.0 = Release|Any CPU
		{30D4283F-6B79-41C9-AB2C-74BBE995C2EA}.Debug|Any CPU.ActiveCfg = Debug|Any CPU
		{30D4283F-6B79-41C9-AB2C-74BBE995C2EA}.Debug|Any CPU.Build.0 = Debug|Any CPU
		{30D4283F-6B79-41C9-AB2C-74BBE995C2EA}.Release|Any CPU.ActiveCfg = Release|Any CPU
		{30D4283F-6B79-41C9-AB2C-74BBE995C2EA}.Release|Any CPU.Build.0 = Release|Any CPU
		{5055FBA4-92BC-4588-8A47-BC6BBF5613EC}.Debug|Any CPU.ActiveCfg = Debug|Any CPU
		{5055FBA4-92BC-4588-8A47-BC6BBF5613EC}.Debug|Any CPU.Build.0 = Debug|Any CPU
		{5055FBA4-92BC-4588-8A47-BC6BBF5613EC}.Release|Any CPU.ActiveCfg = Release|Any CPU
		{5055FBA4-92BC-4588-8A47-BC6BBF5613EC}.Release|Any CPU.Build.0 = Release|Any CPU
		{3D202FD9-86A9-48A6-AB3B-34734A1852B0}.Debug|Any CPU.ActiveCfg = Debug|Any CPU
		{3D202FD9-86A9-48A6-AB3B-34734A1852B0}.Debug|Any CPU.Build.0 = Debug|Any CPU
		{3D202FD9-86A9-48A6-AB3B-34734A1852B0}.Release|Any CPU.ActiveCfg = Release|Any CPU
		{3D202FD9-86A9-48A6-AB3B-34734A1852B0}.Release|Any CPU.Build.0 = Release|Any CPU
		{CE117D5E-A47E-40BA-BB0D-91F2783CDE2E}.Debug|Any CPU.ActiveCfg = Debug|Any CPU
		{CE117D5E-A47E-40BA-BB0D-91F2783CDE2E}.Debug|Any CPU.Build.0 = Debug|Any CPU
		{CE117D5E-A47E-40BA-BB0D-91F2783CDE2E}.Release|Any CPU.ActiveCfg = Release|Any CPU
		{CE117D5E-A47E-40BA-BB0D-91F2783CDE2E}.Release|Any CPU.Build.0 = Release|Any CPU
	EndGlobalSection
	GlobalSection(NestedProjects) = preSolution
		{404C5EE4-62EC-48E0-8842-736F41654516} = {2CB19BE2-5246-40C9-A899-2E1B6C51DDA1}
		{B64B4CC0-5EA1-4B8B-8BAF-0609A1875238} = {A20DC6FA-5F26-4A79-9BEE-A1BBB92AD539}
		{30D4283F-6B79-41C9-AB2C-74BBE995C2EA} = {2CB19BE2-5246-40C9-A899-2E1B6C51DDA1}
		{5055FBA4-92BC-4588-8A47-BC6BBF5613EC} = {2CB19BE2-5246-40C9-A899-2E1B6C51DDA1}
		{3D202FD9-86A9-48A6-AB3B-34734A1852B0} = {2CB19BE2-5246-40C9-A899-2E1B6C51DDA1}
		{CE117D5E-A47E-40BA-BB0D-91F2783CDE2E} = {2CB19BE2-5246-40C9-A899-2E1B6C51DDA1}
	EndGlobalSection
EndGlobal
